Microsoft Visual Studio Solution File, Format Version 11.00
# Visual Studio 2010
Project("{E097FAD1-6243-4DAD-9C02-E9B9EFC3FFC1}") = "Assembly-CSharp", "Assembly-CSharp.csproj", "{08D64D59-8E2B-7680-AAEE-71D938064311}"
EndProject
Project("{E097FAD1-6243-4DAD-9C02-E9B9EFC3FFC1}") = "Assembly-CSharp-Editor-firstpass", "Assembly-CSharp-Editor-firstpass.csproj", "{AFBF5F3C-A072-4035-67AA-C1CD95107E00}"
EndProject
Global
	GlobalSection(SolutionConfigurationPlatforms) = preSolution
		Debug|Any CPU = Debug|Any CPU
		Release|Any CPU = Release|Any CPU
	EndGlobalSection
	GlobalSection(ProjectConfigurationPlatforms) = postSolution
		{08D64D59-8E2B-7680-AAEE-71D938064311}.Debug|Any CPU.ActiveCfg = Debug|Any CPU
		{08D64D59-8E2B-7680-AAEE-71D938064311}.Debug|Any CPU.Build.0 = Debug|Any CPU
		{08D64D59-8E2B-7680-AAEE-71D938064311}.Release|Any CPU.ActiveCfg = Release|Any CPU
		{08D64D59-8E2B-7680-AAEE-71D938064311}.Release|Any CPU.Build.0 = Release|Any CPU
		{AFBF5F3C-A072-4035-67AA-C1CD95107E00}.Debug|Any CPU.ActiveCfg = Debug|Any CPU
		{AFBF5F3C-A072-4035-67AA-C1CD95107E00}.Debug|Any CPU.Build.0 = Debug|Any CPU
		{AFBF5F3C-A072-4035-67AA-C1CD95107E00}.Release|Any CPU.ActiveCfg = Release|Any CPU
		{AFBF5F3C-A072-4035-67AA-C1CD95107E00}.Release|Any CPU.Build.0 = Release|Any CPU
	EndGlobalSection
	GlobalSection(SolutionProperties) = preSolution
		HideSolutionNode = FALSE
	EndGlobalSection
	GlobalSection(MonoDevelopProperties) = preSolution
		StartupItem = Assembly-CSharp.csproj
	EndGlobalSection
EndGlobal
